
Microsoft Visual Studio Solution File, Format Version 12.00
# Visual Studio Version 17
VisualStudioVersion = 17.5.33530.505
MinimumVisualStudioVersion = 10.0.40219.1
Project("{FAE04EC0-301F-11D3-BF4B-00C04F79EFBC}") = "Producer", "Producer.csproj", "{0D19DE12-D1D3-4596-9232-78AAE2A5E79E}"
EndProject
Global
	GlobalSection(SolutionConfigurationPlatforms) = preSolution
		Debug|Any CPU = Debug|Any CPU
		Release|Any CPU = Release|Any CPU
	EndGlobalSection
	GlobalSection(ProjectConfigurationPlatforms) = postSolution
		{0D19DE12-D1D3-4596-9232-78AAE2A5E79E}.Debug|Any CPU.ActiveCfg = Debug|Any CPU
		{0D19DE12-D1D3-4596-9232-78AAE2A5E79E}.Debug|Any CPU.Build.0 = Debug|Any CPU
		{0D19DE12-D1D3-4596-9232-78AAE2A5E79E}.Release|Any CPU.ActiveCfg = Release|Any CPU
		{0D19DE12-D1D3-4596-9232-78AAE2A5E79E}.Release|Any CPU.Build.0 = Release|Any CPU
	EndGlobalSection
	GlobalSection(SolutionProperties) = preSolution
		HideSolutionNode = FALSE
	EndGlobalSection
	GlobalSection(ExtensibilityGlobals) = postSolution
		SolutionGuid = {F60CB088-7B80-4F49-AA0D-576BA1F3DEE1}
	EndGlobalSection
EndGlobal
